
Microsoft Visual Studio Solution File, Format Version 12.00
# Visual Studio Version 17
VisualStudioVersion = 17.3.32811.315
MinimumVisualStudioVersion = 10.0.40219.1
Project("{FAE04EC0-301F-11D3-BF4B-00C04F79EFBC}") = "WinFormsLab2", "WinFormsLab2\WinFormsLab2.csproj", "{FD5EEF15-0D03-4611-BCEA-4D82646911ED}"
EndProject
Global
	GlobalSection(SolutionConfigurationPlatforms) = preSolution
		Debug|Any CPU = Debug|Any CPU
		Release|Any CPU = Release|Any CPU
	EndGlobalSection
	GlobalSection(ProjectConfigurationPlatforms) = postSolution
		{FD5EEF15-0D03-4611-BCEA-4D82646911ED}.Debug|Any CPU.ActiveCfg = Debug|Any CPU
		{FD5EEF15-0D03-4611-BCEA-4D82646911ED}.Debug|Any CPU.Build.0 = Debug|Any CPU
		{FD5EEF15-0D03-4611-BCEA-4D82646911ED}.Release|Any CPU.ActiveCfg = Release|Any CPU
		{FD5EEF15-0D03-4611-BCEA-4D82646911ED}.Release|Any CPU.Build.0 = Release|Any CPU
	EndGlobalSection
	GlobalSection(SolutionProperties) = preSolution
		HideSolutionNode = FALSE
	EndGlobalSection
	GlobalSection(ExtensibilityGlobals) = postSolution
		SolutionGuid = {1E11E7FF-BABB-4D8D-9339-992122E07E51}
	EndGlobalSection
EndGlobal
